
Microsoft Visual Studio Solution File, Format Version 12.00
# Visual Studio 2013
VisualStudioVersion = 12.0.31101.0
MinimumVisualStudioVersion = 10.0.40219.1
Project("{FAE04EC0-301F-11D3-BF4B-00C04F79EFBC}") = "AndroidLib", "..\AndroidLib\AndroidLib\AndroidLib.csproj", "{F5F92F16-C783-4B17-B725-B06F1D725B9C}"
EndProject
Project("{FAE04EC0-301F-11D3-BF4B-00C04F79EFBC}") = "AndroidHub.ResourceLib", "AndroidHub.ResourceLib\AndroidHub.ResourceLib.csproj", "{17D253CB-4D49-4305-A953-AC5BF7811BB8}"
EndProject
Project("{FAE04EC0-301F-11D3-BF4B-00C04F79EFBC}") = "TestApplication", "TestApplication\TestApplication.csproj", "{F46DC75D-29A7-4315-8AD6-92FBCCFE0F3F}"
EndProject
Project("{FAE04EC0-301F-11D3-BF4B-00C04F79EFBC}") = "AndroidHub", "AndroidHub\AndroidHub.csproj", "{82B17A91-D128-417B-BDC3-08A7468EEA26}"
EndProject
Project("{F184B08F-C81C-45F6-A57F-5ABD9991F28F}") = "AndroidHub.ExceptionViewer", "AndroidHub.ExceptionViewer\AndroidHub.ExceptionViewer.vbproj", "{ED7FA6A9-BA75-431A-A34A-E532E19D56AF}"
EndProject
Global
	GlobalSection(SolutionConfigurationPlatforms) = preSolution
		Debug|Any CPU = Debug|Any CPU
		Release|Any CPU = Release|Any CPU
	EndGlobalSection
	GlobalSection(ProjectConfigurationPlatforms) = postSolution
		{F5F92F16-C783-4B17-B725-B06F1D725B9C}.Debug|Any CPU.ActiveCfg = Debug|Any CPU
		{F5F92F16-C783-4B17-B725-B06F1D725B9C}.Debug|Any CPU.Build.0 = Debug|Any CPU
		{F5F92F16-C783-4B17-B725-B06F1D725B9C}.Release|Any CPU.ActiveCfg = Release|Any CPU
		{F5F92F16-C783-4B17-B725-B06F1D725B9C}.Release|Any CPU.Build.0 = Release|Any CPU
		{17D253CB-4D49-4305-A953-AC5BF7811BB8}.Debug|Any CPU.ActiveCfg = Debug|Any CPU
		{17D253CB-4D49-4305-A953-AC5BF7811BB8}.Debug|Any CPU.Build.0 = Debug|Any CPU
		{17D253CB-4D49-4305-A953-AC5BF7811BB8}.Release|Any CPU.ActiveCfg = Release|Any CPU
		{17D253CB-4D49-4305-A953-AC5BF7811BB8}.Release|Any CPU.Build.0 = Release|Any CPU
		{F46DC75D-29A7-4315-8AD6-92FBCCFE0F3F}.Debug|Any CPU.ActiveCfg = Debug|Any CPU
		{F46DC75D-29A7-4315-8AD6-92FBCCFE0F3F}.Debug|Any CPU.Build.0 = Debug|Any CPU
		{F46DC75D-29A7-4315-8AD6-92FBCCFE0F3F}.Release|Any CPU.ActiveCfg = Release|Any CPU
		{F46DC75D-29A7-4315-8AD6-92FBCCFE0F3F}.Release|Any CPU.Build.0 = Release|Any CPU
		{82B17A91-D128-417B-BDC3-08A7468EEA26}.Debug|Any CPU.ActiveCfg = Debug|Any CPU
		{82B17A91-D128-417B-BDC3-08A7468EEA26}.Debug|Any CPU.Build.0 = Debug|Any CPU
		{82B17A91-D128-417B-BDC3-08A7468EEA26}.Release|Any CPU.ActiveCfg = Release|Any CPU
		{82B17A91-D128-417B-BDC3-08A7468EEA26}.Release|Any CPU.Build.0 = Release|Any CPU
		{ED7FA6A9-BA75-431A-A34A-E532E19D56AF}.Debug|Any CPU.ActiveCfg = Debug|Any CPU
		{ED7FA6A9-BA75-431A-A34A-E532E19D56AF}.Debug|Any CPU.Build.0 = Debug|Any CPU
		{ED7FA6A9-BA75-431A-A34A-E532E19D56AF}.Release|Any CPU.ActiveCfg = Release|Any CPU
		{ED7FA6A9-BA75-431A-A34A-E532E19D56AF}.Release|Any CPU.Build.0 = Release|Any CPU
	EndGlobalSection
	GlobalSection(SolutionProperties) = preSolution
		HideSolutionNode = FALSE
	EndGlobalSection
EndGlobal
